
Microsoft Visual Studio Solution File, Format Version 12.00
# Visual Studio Version 16
VisualStudioVersion = 16.0.29306.81
MinimumVisualStudioVersion = 10.0.40219.1
Project("{BFE1F494-F7E3-4EA1-AD50-435F95335B74}") = "DebuggerProjectExample", "DebuggerProjectExample\DebuggerProjectExample.radproj", "{CC9D61E8-283D-4D9A-B9CB-1BF49FA4A4E1}"
EndProject
Global
	GlobalSection(SolutionConfigurationPlatforms) = preSolution
		Debug|Any CPU = Debug|Any CPU
		Release|Any CPU = Release|Any CPU
	EndGlobalSection
	GlobalSection(ProjectConfigurationPlatforms) = postSolution
		{CC9D61E8-283D-4D9A-B9CB-1BF49FA4A4E1}.Debug|Any CPU.ActiveCfg = Debug|Any CPU
		{CC9D61E8-283D-4D9A-B9CB-1BF49FA4A4E1}.Debug|Any CPU.Build.0 = Debug|Any CPU
		{CC9D61E8-283D-4D9A-B9CB-1BF49FA4A4E1}.Release|Any CPU.ActiveCfg = Release|Any CPU
		{CC9D61E8-283D-4D9A-B9CB-1BF49FA4A4E1}.Release|Any CPU.Build.0 = Release|Any CPU
	EndGlobalSection
	GlobalSection(SolutionProperties) = preSolution
		HideSolutionNode = FALSE
	EndGlobalSection
	GlobalSection(ExtensibilityGlobals) = postSolution
		SolutionGuid = {338E8517-B292-4A8C-9E78-3B971DFEDE95}
	EndGlobalSection
EndGlobal
